
Microsoft Visual Studio Solution File, Format Version 12.00
# Visual Studio Version 17
VisualStudioVersion = 17.3.32929.385
MinimumVisualStudioVersion = 10.0.40219.1
Project("{FAE04EC0-301F-11D3-BF4B-00C04F79EFBC}") = "Trewike", "Trewike\Trewike.csproj", "{88176F2E-3F65-4A52-861E-B848D137DBA6}"
EndProject
Project("{2150E333-8FDC-42A3-9474-1A3956D46DE8}") = "src", "src", "{BD87EDF0-FD52-4F65-BCE4-D2E672FCC4B5}"
EndProject
Project("{FAE04EC0-301F-11D3-BF4B-00C04F79EFBC}") = "DataServiceAPI", "DataService\DataServiceAPI.csproj", "{C7CD38EC-D03A-4C29-95C5-53CFD1FD4D6C}"
EndProject
Project("{FAE04EC0-301F-11D3-BF4B-00C04F79EFBC}") = "ManageSite", "ManageSite\ManageSite.csproj", "{EA2FA133-CFDD-4842-AB8F-52E4C89B16CA}"
EndProject
Project("{2150E333-8FDC-42A3-9474-1A3956D46DE8}") = "Core", "Core", "{677B652C-BF6E-4F53-84A1-014342AAF588}"
EndProject
Project("{2150E333-8FDC-42A3-9474-1A3956D46DE8}") = "Hosting", "Hosting", "{2EBBAB25-1E91-4676-88A0-3FA99D60E24F}"
EndProject
Project("{2150E333-8FDC-42A3-9474-1A3956D46DE8}") = "Infrastructure", "Infrastructure", "{482654CB-C64A-4A43-A061-7C3EE16D072B}"
EndProject
Project("{FAE04EC0-301F-11D3-BF4B-00C04F79EFBC}") = "CoreLib", "CoreLib\CoreLib.csproj", "{2B5CB6EC-F6DA-4996-BEA1-06BD7E655B04}"
EndProject
Project("{FAE04EC0-301F-11D3-BF4B-00C04F79EFBC}") = "CommonLib", "CommonLib\CommonLib.csproj", "{42BBE471-B17A-491E-85DE-579C3FD2D5CB}"
EndProject
Project("{FAE04EC0-301F-11D3-BF4B-00C04F79EFBC}") = "DataServiceLib", "DataServiceLib\DataServiceLib.csproj", "{BAC1D8AB-C2B7-4D07-8491-6DE7297EAC42}"
EndProject
Global
	GlobalSection(SolutionConfigurationPlatforms) = preSolution
		Debug|Any CPU = Debug|Any CPU
		Release|Any CPU = Release|Any CPU
	EndGlobalSection
	GlobalSection(ProjectConfigurationPlatforms) = postSolution
		{88176F2E-3F65-4A52-861E-B848D137DBA6}.Debug|Any CPU.ActiveCfg = Debug|Any CPU
		{88176F2E-3F65-4A52-861E-B848D137DBA6}.Debug|Any CPU.Build.0 = Debug|Any CPU
		{88176F2E-3F65-4A52-861E-B848D137DBA6}.Release|Any CPU.ActiveCfg = Release|Any CPU
		{88176F2E-3F65-4A52-861E-B848D137DBA6}.Release|Any CPU.Build.0 = Release|Any CPU
		{C7CD38EC-D03A-4C29-95C5-53CFD1FD4D6C}.Debug|Any CPU.ActiveCfg = Debug|Any CPU
		{C7CD38EC-D03A-4C29-95C5-53CFD1FD4D6C}.Debug|Any CPU.Build.0 = Debug|Any CPU
		{C7CD38EC-D03A-4C29-95C5-53CFD1FD4D6C}.Release|Any CPU.ActiveCfg = Release|Any CPU
		{C7CD38EC-D03A-4C29-95C5-53CFD1FD4D6C}.Release|Any CPU.Build.0 = Release|Any CPU
		{EA2FA133-CFDD-4842-AB8F-52E4C89B16CA}.Debug|Any CPU.ActiveCfg = Debug|Any CPU
		{EA2FA133-CFDD-4842-AB8F-52E4C89B16CA}.Debug|Any CPU.Build.0 = Debug|Any CPU
		{EA2FA133-CFDD-4842-AB8F-52E4C89B16CA}.Release|Any CPU.ActiveCfg = Release|Any CPU
		{EA2FA133-CFDD-4842-AB8F-52E4C89B16CA}.Release|Any CPU.Build.0 = Release|Any CPU
		{2B5CB6EC-F6DA-4996-BEA1-06BD7E655B04}.Debug|Any CPU.ActiveCfg = Debug|Any CPU
		{2B5CB6EC-F6DA-4996-BEA1-06BD7E655B04}.Debug|Any CPU.Build.0 = Debug|Any CPU
		{2B5CB6EC-F6DA-4996-BEA1-06BD7E655B04}.Release|Any CPU.ActiveCfg = Release|Any CPU
		{2B5CB6EC-F6DA-4996-BEA1-06BD7E655B04}.Release|Any CPU.Build.0 = Release|Any CPU
		{42BBE471-B17A-491E-85DE-579C3FD2D5CB}.Debug|Any CPU.ActiveCfg = Debug|Any CPU
		{42BBE471-B17A-491E-85DE-579C3FD2D5CB}.Debug|Any CPU.Build.0 = Debug|Any CPU
		{42BBE471-B17A-491E-85DE-579C3FD2D5CB}.Release|Any CPU.ActiveCfg = Release|Any CPU
		{42BBE471-B17A-491E-85DE-579C3FD2D5CB}.Release|Any CPU.Build.0 = Release|Any CPU
		{BAC1D8AB-C2B7-4D07-8491-6DE7297EAC42}.Debug|Any CPU.ActiveCfg = Debug|Any CPU
		{BAC1D8AB-C2B7-4D07-8491-6DE7297EAC42}.Debug|Any CPU.Build.0 = Debug|Any CPU
		{BAC1D8AB-C2B7-4D07-8491-6DE7297EAC42}.Release|Any CPU.ActiveCfg = Release|Any CPU
		{BAC1D8AB-C2B7-4D07-8491-6DE7297EAC42}.Release|Any CPU.Build.0 = Release|Any CPU
	EndGlobalSection
	GlobalSection(SolutionProperties) = preSolution
		HideSolutionNode = FALSE
	EndGlobalSection
	GlobalSection(NestedProjects) = preSolution
		{88176F2E-3F65-4A52-861E-B848D137DBA6} = {2EBBAB25-1E91-4676-88A0-3FA99D60E24F}
		{C7CD38EC-D03A-4C29-95C5-53CFD1FD4D6C} = {2EBBAB25-1E91-4676-88A0-3FA99D60E24F}
		{EA2FA133-CFDD-4842-AB8F-52E4C89B16CA} = {2EBBAB25-1E91-4676-88A0-3FA99D60E24F}
		{677B652C-BF6E-4F53-84A1-014342AAF588} = {BD87EDF0-FD52-4F65-BCE4-D2E672FCC4B5}
		{2EBBAB25-1E91-4676-88A0-3FA99D60E24F} = {BD87EDF0-FD52-4F65-BCE4-D2E672FCC4B5}
		{482654CB-C64A-4A43-A061-7C3EE16D072B} = {BD87EDF0-FD52-4F65-BCE4-D2E672FCC4B5}
		{2B5CB6EC-F6DA-4996-BEA1-06BD7E655B04} = {677B652C-BF6E-4F53-84A1-014342AAF588}
		{42BBE471-B17A-491E-85DE-579C3FD2D5CB} = {482654CB-C64A-4A43-A061-7C3EE16D072B}
		{BAC1D8AB-C2B7-4D07-8491-6DE7297EAC42} = {482654CB-C64A-4A43-A061-7C3EE16D072B}
	EndGlobalSection
	GlobalSection(ExtensibilityGlobals) = postSolution
		SolutionGuid = {F16271C2-0C7C-4DC8-AA39-80F50AB02650}
	EndGlobalSection
EndGlobal
